// !$*UTF8*$!
{
	archiveVersion = 1;
	classes = {
	};
	objectVersion = 56;
	objects = {

/* Begin PBXBuildFile section */
		BD6098652A85296700F4C06F /* AboutmeprojectApp.swift in Sources */ = {isa = PBXBuildFile; fileRef = BD6098642A85296700F4C06F /* AboutmeprojectApp.swift */; };
		BD6098672A85296700F4C06F /* ContentView.swift in Sources */ = {isa = PBXBuildFile; fileRef = BD6098662A85296700F4C06F /* ContentView.swift */; };
		BD6098692A85296800F4C06F /* Assets.xcassets in Resources */ = {isa = PBXBuildFile; fileRef = BD6098682A85296800F4C06F /* Assets.xcassets */; };
		BD60986C2A85296800F4C06F /* Preview Assets.xcassets in Resources */ = {isa = PBXBuildFile; fileRef = BD60986B2A85296800F4C06F /* Preview Assets.xcassets */; };
		BD6098762A85296800F4C06F /* AboutmeprojectTests.swift in Sources */ = {isa = PBXBuildFile; fileRef = BD6098752A85296800F4C06F /* AboutmeprojectTests.swift */; };
		BD6098802A85296800F4C06F /* AboutmeprojectUITests.swift in Sources */ = {isa = PBXBuildFile; fileRef = BD60987F2A85296800F4C06F /* AboutmeprojectUITests.swift */; };
		BD6098822A85296800F4C06F /* AboutmeprojectUITestsLaunchTests.swift in Sources */ = {isa = PBXBuildFile; fileRef = BD6098812A85296800F4C06F /* AboutmeprojectUITestsLaunchTests.swift */; };
/* End PBXBuildFile section */

/* Begin PBXContainerItemProxy section */
		BD6098722A85296800F4C06F /* PBXContainerItemProxy */ = {
			isa = PBXContainerItemProxy;
			containerPortal = BD6098592A85296700F4C06F /* Project object */;
			proxyType = 1;
			remoteGlobalIDString = BD6098602A85296700F4C06F;
			remoteInfo = Aboutmeproject;
		};
		BD60987C2A85296800F4C06F /* PBXContainerItemProxy */ = {
			isa = PBXContainerItemProxy;
			containerPortal = BD6098592A85296700F4C06F /* Project object */;
			proxyType = 1;
			remoteGlobalIDString = BD6098602A85296700F4C06F;
			remoteInfo = Aboutmeproject;
		};
/* End PBXContainerItemProxy section */

/* Begin PBXFileReference section */
		BD6098612A85296700F4C06F /* Aboutmeproject.app */ = {isa = PBXFileReference; explicitFileType = wrapper.application; includeInIndex = 0; path = Aboutmeproject.app; sourceTree = BUILT_PRODUCTS_DIR; };
		BD6098642A85296700F4C06F /* AboutmeprojectApp.swift */ = {isa = PBXFileReference; lastKnownFileType = sourcecode.swift; path = AboutmeprojectApp.swift; sourceTree = "<group>"; };
		BD6098662A85296700F4C06F /* ContentView.swift */ = {isa = PBXFileReference; lastKnownFileType = sourcecode.swift; path = ContentView.swift; sourceTree = "<group>"; };
		BD6098682A85296800F4C06F /* Assets.xcassets */ = {isa = PBXFileReference; lastKnownFileType = folder.assetcatalog; path = Assets.xcassets; sourceTree = "<group>"; };
		BD60986B2A85296800F4C06F /* Preview Assets.xcassets */ = {isa = PBXFileReference; lastKnownFileType = folder.assetcatalog; path = "Preview Assets.xcassets"; sourceTree = "<group>"; };
		BD6098712A85296800F4C06F /* AboutmeprojectTests.xctest */ = {isa = PBXFileReference; explicitFileType = wrapper.cfbundle; includeInIndex = 0; path = AboutmeprojectTests.xctest; sourceTree = BUILT_PRODUCTS_DIR; };
		BD6098752A85296800F4C06F /* AboutmeprojectTests.swift */ = {isa = PBXFileReference; lastKnownFileType = sourcecode.swift; path = AboutmeprojectTests.swift; sourceTree = "<group>"; };
		BD60987B2A85296800F4C06F /* AboutmeprojectUITests.xctest */ = {isa = PBXFileReference; explicitFileType = wrapper.cfbundle; includeInIndex = 0; path = AboutmeprojectUITests.xctest; sourceTree = BUILT_PRODUCTS_DIR; };
		BD60987F2A85296800F4C06F /* AboutmeprojectUITests.swift */ = {isa = PBXFileReference; lastKnownFileType = sourcecode.swift; path = AboutmeprojectUITests.swift; sourceTree = "<group>"; };
		BD6098812A85296800F4C06F /* AboutmeprojectUITestsLaunchTests.swift */ = {isa = PBXFileReference; lastKnownFileType = sourcecode.swift; path = AboutmeprojectUITestsLaunchTests.swift; sourceTree = "<group>"; };
/* End PBXFileReference section */

/* Begin PBXFrameworksBuildPhase section */
		BD60985E2A85296700F4C06F /* Frameworks */ = {
			isa = PBXFrameworksBuildPhase;
			buildActionMask = 2147483647;
			files = (
			);
			runOnlyForDeploymentPostprocessing = 0;
		};
		BD60986E2A85296800F4C06F /* Frameworks */ = {
			isa = PBXFrameworksBuildPhase;
			buildActionMask = 2147483647;
			files = (
			);
			runOnlyForDeploymentPostprocessing = 0;
		};
		BD6098782A85296800F4C06F /* Frameworks */ = {
			isa = PBXFrameworksBuildPhase;
			buildActionMask = 2147483647;
			files = (
			);
			runOnlyForDeploymentPostprocessing = 0;
		};
/* End PBXFrameworksBuildPhase section */

/* Begin PBXGroup section */
		BD6098582A85296700F4C06F = {
			isa = PBXGroup;
			children = (
				BD6098632A85296700F4C06F /* Aboutmeproject */,
				BD6098742A85296800F4C06F /* AboutmeprojectTests */,
				BD60987E2A85296800F4C06F /* AboutmeprojectUITests */,
				BD6098622A85296700F4C06F /* Products */,
			);
			sourceTree = "<group>";
		};
		BD6098622A85296700F4C06F /* Products */ = {
			isa = PBXGroup;
			children = (
				BD6098612A85296700F4C06F /* Aboutmeproject.app */,
				BD6098712A85296800F4C06F /* AboutmeprojectTests.xctest */,
				BD60987B2A85296800F4C06F /* AboutmeprojectUITests.xctest */,
			);
			name = Products;
			sourceTree = "<group>";
		};
		BD6098632A85296700F4C06F /* Aboutmeproject */ = {
			isa = PBXGroup;
			children = (
				BD6098642A85296700F4C06F /* AboutmeprojectApp.swift */,
				BD6098662A85296700F4C06F /* ContentView.swift */,
				BD6098682A85296800F4C06F /* Assets.xcassets */,
				BD60986A2A85296800F4C06F /* Preview Content */,
			);
			path = Aboutmeproject;
			sourceTree = "<group>";
		};
		BD60986A2A85296800F4C06F /* Preview Content */ = {
			isa = PBXGroup;
			children = (
				BD60986B2A85296800F4C06F /* Preview Assets.xcassets */,
			);
			path = "Preview Content";
			sourceTree = "<group>";
		};
		BD6098742A85296800F4C06F /* AboutmeprojectTests */ = {
			isa = PBXGroup;
			children = (
				BD6098752A85296800F4C06F /* AboutmeprojectTests.swift */,
			);
			path = AboutmeprojectTests;
			sourceTree = "<group>";
		};
		BD60987E2A85296800F4C06F /* AboutmeprojectUITests */ = {
			isa = PBXGroup;
			children = (
				BD60987F2A85296800F4C06F /* AboutmeprojectUITests.swift */,
				BD6098812A85296800F4C06F /* AboutmeprojectUITestsLaunchTests.swift */,
			);
			path = AboutmeprojectUITests;
			sourceTree = "<group>";
		};
/* End PBXGroup section */

/* Begin PBXNativeTarget section */
		BD6098602A85296700F4C06F /* Aboutmeproject */ = {
			isa = PBXNativeTarget;
			buildConfigurationList = BD6098852A85296800F4C06F /* Build configuration list for PBXNativeTarget "Aboutmeproject" */;
			buildPhases = (
				BD60985D2A85296700F4C06F /* Sources */,
				BD60985E2A85296700F4C06F /* Frameworks */,
				BD60985F2A85296700F4C06F /* Resources */,
			);
			buildRules = (
			);
			dependencies = (
			);
			name = Aboutmeproject;
			productName = Aboutmeproject;
			productReference = BD6098612A85296700F4C06F /* Aboutmeproject.app */;
			productType = "com.apple.product-type.application";
		};
		BD6098702A85296800F4C06F /* AboutmeprojectTests */ = {
			isa = PBXNativeTarget;
			buildConfigurationList = BD6098882A85296800F4C06F /* Build configuration list for PBXNativeTarget "AboutmeprojectTests" */;
			buildPhases = (
				BD60986D2A85296800F4C06F /* Sources */,
				BD60986E2A85296800F4C06F /* Frameworks */,
				BD60986F2A85296800F4C06F /* Resources */,
			);
			buildRules = (
			);
			dependencies = (
				BD6098732A85296800F4C06F /* PBXTargetDependency */,
			);
			name = AboutmeprojectTests;
			productName = AboutmeprojectTests;
			productReference = BD6098712A85296800F4C06F /* AboutmeprojectTests.xctest */;
			productType = "com.apple.product-type.bundle.unit-test";
		};
		BD60987A2A85296800F4C06F /* AboutmeprojectUITests */ = {
			isa = PBXNativeTarget;
			buildConfigurationList = BD60988B2A85296800F4C06F /* Build configuration list for PBXNativeTarget "AboutmeprojectUITests" */;
			buildPhases = (
				BD6098772A85296800F4C06F /* Sources */,
				BD6098782A85296800F4C06F /* Frameworks */,
				BD6098792A85296800F4C06F /* Resources */,
			);
			buildRules = (
			);
			dependencies = (
				BD60987D2A85296800F4C06F /* PBXTargetDependency */,
			);
			name = AboutmeprojectUITests;
			productName = AboutmeprojectUITests;
			productReference = BD60987B2A85296800F4C06F /* AboutmeprojectUITests.xctest */;
			productType = "com.apple.product-type.bundle.ui-testing";
		};
/* End PBXNativeTarget section */

/* Begin PBXProject section */
		BD6098592A85296700F4C06F /* Project object */ = {
			isa = PBXProject;
			attributes = {
				BuildIndependentTargetsInParallel = 1;
				LastSwiftUpdateCheck = 1430;
				LastUpgradeCheck = 1430;
				TargetAttributes = {
					BD6098602A85296700F4C06F = {
						CreatedOnToolsVersion = 14.3.1;
					};
					BD6098702A85296800F4C06F = {
						CreatedOnToolsVersion = 14.3.1;
						TestTargetID = BD6098602A85296700F4C06F;
					};
					BD60987A2A85296800F4C06F = {
						CreatedOnToolsVersion = 14.3.1;
						TestTargetID = BD6098602A85296700F4C06F;
					};
				};
			};
			buildConfigurationList = BD60985C2A85296700F4C06F /* Build configuration list for PBXProject "Aboutmeproject" */;
			compatibilityVersion = "Xcode 14.0";
			developmentRegion = en;
			hasScannedForEncodings = 0;
			knownRegions = (
				en,
				Base,
			);
			mainGroup = BD6098582A85296700F4C06F;
			productRefGroup = BD6098622A85296700F4C06F /* Products */;
			projectDirPath = "";
			projectRoot = "";
			targets = (
				BD6098602A85296700F4C06F /* Aboutmeproject */,
				BD6098702A85296800F4C06F /* AboutmeprojectTests */,
				BD60987A2A85296800F4C06F /* AboutmeprojectUITests */,
			);
		};
/* End PBXProject section */

/* Begin PBXResourcesBuildPhase section */
		BD60985F2A85296700F4C06F /* Resources */ = {
			isa = PBXResourcesBuildPhase;
			buildActionMask = 2147483647;
			files = (
				BD60986C2A85296800F4C06F /* Preview Assets.xcassets in Resources */,
				BD6098692A85296800F4C06F /* Assets.xcassets in Resources */,
			);
			runOnlyForDeploymentPostprocessing = 0;
		};
		BD60986F2A85296800F4C06F /* Resources */ = {
			isa = PBXResourcesBuildPhase;
			buildActionMask = 2147483647;
			files = (
			);
			runOnlyForDeploymentPostprocessing = 0;
		};
		BD6098792A85296800F4C06F /* Resources */ = {
			isa = PBXResourcesBuildPhase;
			buildActionMask = 2147483647;
			files = (
			);
			runOnlyForDeploymentPostprocessing = 0;
		};
/* End PBXResourcesBuildPhase section */

/* Begin PBXSourcesBuildPhase section */
		BD60985D2A85296700F4C06F /* Sources */ = {
			isa = PBXSourcesBuildPhase;
			buildActionMask = 2147483647;
			files = (
				BD6098672A85296700F4C06F /* ContentView.swift in Sources */,
				BD6098652A85296700F4C06F /* AboutmeprojectApp.swift in Sources */,
			);
			runOnlyForDeploymentPostprocessing = 0;
		};
		BD60986D2A85296800F4C06F /* Sources */ = {
			isa = PBXSourcesBuildPhase;
			buildActionMask = 2147483647;
			files = (
				BD6098762A85296800F4C06F /* AboutmeprojectTests.swift in Sources */,
			);
			runOnlyForDeploymentPostprocessing = 0;
		};
		BD6098772A85296800F4C06F /* Sources */ = {
			isa = PBXSourcesBuildPhase;
			buildActionMask = 2147483647;
			files = (
				BD6098822A85296800F4C06F /* AboutmeprojectUITestsLaunchTests.swift in Sources */,
				BD6098802A85296800F4C06F /* AboutmeprojectUITests.swift in Sources */,
			);
			runOnlyForDeploymentPostprocessing = 0;
		};
/* End PBXSourcesBuildPhase section */

/* Begin PBXTargetDependency section */
		BD6098732A85296800F4C06F /* PBXTargetDependency */ = {
			isa = PBXTargetDependency;
			target = BD6098602A85296700F4C06F /* Aboutmeproject */;
			targetProxy = BD6098722A85296800F4C06F /* PBXContainerItemProxy */;
		};
		BD60987D2A85296800F4C06F /* PBXTargetDependency */ = {
			isa = PBXTargetDependency;
			target = BD6098602A85296700F4C06F /* Aboutmeproject */;
			targetProxy = BD60987C2A85296800F4C06F /* PBXContainerItemProxy */;
		};
/* End PBXTargetDependency section */

/* Begin XCBuildConfiguration section */
		BD6098832A85296800F4C06F /* Debug */ = {
			isa = XCBuildConfiguration;
			buildSettings = {
				ALWAYS_SEARCH_USER_PATHS = NO;
				CLANG_ANALYZER_NONNULL = YES;
				CLANG_ANALYZER_NUMBER_OBJECT_CONVERSION = YES_AGGRESSIVE;
				CLANG_CXX_LANGUAGE_STANDARD = "gnu++20";
				CLANG_ENABLE_MODULES = YES;
				CLANG_ENABLE_OBJC_ARC = YES;
				CLANG_ENABLE_OBJC_WEAK = YES;
				CLANG_WARN_BLOCK_CAPTURE_AUTORELEASING = YES;
				CLANG_WARN_BOOL_CONVERSION = YES;
				CLANG_WARN_COMMA = YES;
				CLANG_WARN_CONSTANT_CONVERSION = YES;
				CLANG_WARN_DEPRECATED_OBJC_IMPLEMENTATIONS = YES;
				CLANG_WARN_DIRECT_OBJC_ISA_USAGE = YES_ERROR;
				CLANG_WARN_DOCUMENTATION_COMMENTS = YES;
				CLANG_WARN_EMPTY_BODY = YES;
				CLANG_WARN_ENUM_CONVERSION = YES;
				CLANG_WARN_INFINITE_RECURSION = YES;
				CLANG_WARN_INT_CONVERSION = YES;
				CLANG_WARN_NON_LITERAL_NULL_CONVERSION = YES;
				CLANG_WARN_OBJC_IMPLICIT_RETAIN_SELF = YES;
				CLANG_WARN_OBJC_LITERAL_CONVERSION = YES;
				CLANG_WARN_OBJC_ROOT_CLASS = YES_ERROR;
				CLANG_WARN_QUOTED_INCLUDE_IN_FRAMEWORK_HEADER = YES;
				CLANG_WARN_RANGE_LOOP_ANALYSIS = YES;
				CLANG_WARN_STRICT_PROTOTYPES = YES;
				CLANG_WARN_SUSPICIOUS_MOVE = YES;
				CLANG_WARN_UNGUARDED_AVAILABILITY = YES_AGGRESSIVE;
				CLANG_WARN_UNREACHABLE_CODE = YES;
				CLANG_WARN__DUPLICATE_METHOD_MATCH = YES;
				COPY_PHASE_STRIP = NO;
				DEBUG_INFORMATION_FORMAT = dwarf;
				ENABLE_STRICT_OBJC_MSGSEND = YES;
				ENABLE_TESTABILITY = YES;
				GCC_C_LANGUAGE_STANDARD = gnu11;
				GCC_DYNAMIC_NO_PIC = NO;
				GCC_NO_COMMON_BLOCKS = YES;
				GCC_OPTIMIZATION_LEVEL = 0;
				GCC_PREPROCESSOR_DEFINITIONS = (
					"DEBUG=1",
					"$(inherited)",
				);
				GCC_WARN_64_TO_32_BIT_CONVERSION = YES;
				GCC_WARN_ABOUT_RETURN_TYPE = YES_ERROR;
				GCC_WARN_UNDECLARED_SELECTOR = YES;
				GCC_WARN_UNINITIALIZED_AUTOS = YES_AGGRESSIVE;
				GCC_WARN_UNUSED_FUNCTION = YES;
				GCC_WARN_UNUSED_VARIABLE = YES;
				IPHONEOS_DEPLOYMENT_TARGET = 16.4;
				MTL_ENABLE_DEBUG_INFO = INCLUDE_SOURCE;
				MTL_FAST_MATH = YES;
				ONLY_ACTIVE_ARCH = YES;
				SDKROOT = iphoneos;
				SWIFT_ACTIVE_COMPILATION_CONDITIONS = DEBUG;
				SWIFT_OPTIMIZATION_LEVEL = "-Onone";
			};
			name = Debug;
		};
		BD6098842A85296800F4C06F /* Release */ = {
			isa = XCBuildConfiguration;
			buildSettings = {
				ALWAYS_SEARCH_USER_PATHS = NO;
				CLANG_ANALYZER_NONNULL = YES;
				CLANG_ANALYZER_NUMBER_OBJECT_CONVERSION = YES_AGGRESSIVE;
				CLANG_CXX_LANGUAGE_STANDARD = "gnu++20";
				CLANG_ENABLE_MODULES = YES;
				CLANG_ENABLE_OBJC_ARC = YES;
				CLANG_ENABLE_OBJC_WEAK = YES;
				CLANG_WARN_BLOCK_CAPTURE_AUTORELEASING = YES;
				CLANG_WARN_BOOL_CONVERSION = YES;
				CLANG_WARN_COMMA = YES;
				CLANG_WARN_CONSTANT_CONVERSION = YES;
				CLANG_WARN_DEPRECATED_OBJC_IMPLEMENTATIONS = YES;
				CLANG_WARN_DIRECT_OBJC_ISA_USAGE = YES_ERROR;
				CLANG_WARN_DOCUMENTATION_COMMENTS = YES;
				CLANG_WARN_EMPTY_BODY = YES;
				CLANG_WARN_ENUM_CONVERSION = YES;
				CLANG_WARN_INFINITE_RECURSION = YES;
				CLANG_WARN_INT_CONVERSION = YES;
				CLANG_WARN_NON_LITERAL_NULL_CONVERSION = YES;
				CLANG_WARN_OBJC_IMPLICIT_RETAIN_SELF = YES;
				CLANG_WARN_OBJC_LITERAL_CONVERSION = YES;
				CLANG_WARN_OBJC_ROOT_CLASS = YES_ERROR;
				CLANG_WARN_QUOTED_INCLUDE_IN_FRAMEWORK_HEADER = YES;
				CLANG_WARN_RANGE_LOOP_ANALYSIS = YES;
				CLANG_WARN_STRICT_PROTOTYPES = YES;
				CLANG_WARN_SUSPICIOUS_MOVE = YES;
				CLANG_WARN_UNGUARDED_AVAILABILITY = YES_AGGRESSIVE;
				CLANG_WARN_UNREACHABLE_CODE = YES;
				CLANG_WARN__DUPLICATE_METHOD_MATCH = YES;
				COPY_PHASE_STRIP = NO;
				DEBUG_INFORMATION_FORMAT = "dwarf-with-dsym";
				ENABLE_NS_ASSERTIONS = NO;
				ENABLE_STRICT_OBJC_MSGSEND = YES;
				GCC_C_LANGUAGE_STANDARD = gnu11;
				GCC_NO_COMMON_BLOCKS = YES;
				GCC_WARN_64_TO_32_BIT_CONVERSION = YES;
				GCC_WARN_ABOUT_RETURN_TYPE = YES_ERROR;
				GCC_WARN_UNDECLARED_SELECTOR = YES;
				GCC_WARN_UNINITIALIZED_AUTOS = YES_AGGRESSIVE;
				GCC_WARN_UNUSED_FUNCTION = YES;
				GCC_WARN_UNUSED_VARIABLE = YES;
				IPHONEOS_DEPLOYMENT_TARGET = 16.4;
				MTL_ENABLE_DEBUG_INFO = NO;
				MTL_FAST_MATH = YES;
				SDKROOT = iphoneos;
				SWIFT_COMPILATION_MODE = wholemodule;
				SWIFT_OPTIMIZATION_LEVEL = "-O";
				VALIDATE_PRODUCT = YES;
			};
			name = Release;
		};
		BD6098862A85296800F4C06F /* Debug */ = {
			isa = XCBuildConfiguration;
			buildSettings = {
				ASSETCATALOG_COMPILER_APPICON_NAME = AppIcon;
				ASSETCATALOG_COMPILER_GLOBAL_ACCENT_COLOR_NAME = AccentColor;
				CODE_SIGN_STYLE = Automatic;
				CURRENT_PROJECT_VERSION = 1;
				DEVELOPMENT_ASSET_PATHS = "\"Aboutmeproject/Preview Content\"";
				ENABLE_PREVIEWS = YES;
				GENERATE_INFOPLIST_FILE = YES;
				INFOPLIST_KEY_UIApplicationSceneManifest_Generation = YES;
				INFOPLIST_KEY_UIApplicationSupportsIndirectInputEvents = YES;
				INFOPLIST_KEY_UILaunchScreen_Generation = YES;
				INFOPLIST_KEY_UISupportedInterfaceOrientations_iPad = "UIInterfaceOrientationPortrait UIInterfaceOrientationPortraitUpsideDown UIInterfaceOrientationLandscapeLeft UIInterfaceOrientationLandscapeRight";
				INFOPLIST_KEY_UISupportedInterfaceOrientations_iPhone = "UIInterfaceOrientationPortrait UIInterfaceOrientationLandscapeLeft UIInterfaceOrientationLandscapeRight";
				LD_RUNPATH_SEARCH_PATHS = (
					"$(inherited)",
					"@executable_path/Frameworks",
				);
				MARKETING_VERSION = 1.0;
				PRODUCT_BUNDLE_IDENTIFIER = kwk.Aboutmeproject;
				PRODUCT_NAME = "$(TARGET_NAME)";
				SWIFT_EMIT_LOC_STRINGS = YES;
				SWIFT_VERSION = 5.0;
				TARGETED_DEVICE_FAMILY = "1,2";
			};
			name = Debug;
		};
		BD6098872A85296800F4C06F /* Release */ = {
			isa = XCBuildConfiguration;
			buildSettings = {
				ASSETCATALOG_COMPILER_APPICON_NAME = AppIcon;
				ASSETCATALOG_COMPILER_GLOBAL_ACCENT_COLOR_NAME = AccentColor;
				CODE_SIGN_STYLE = Automatic;
				CURRENT_PROJECT_VERSION = 1;
				DEVELOPMENT_ASSET_PATHS = "\"Aboutmeproject/Preview Content\"";
				ENABLE_PREVIEWS = YES;
				GENERATE_INFOPLIST_FILE = YES;
				INFOPLIST_KEY_UIApplicationSceneManifest_Generation = YES;
				INFOPLIST_KEY_UIApplicationSupportsIndirectInputEvents = YES;
				INFOPLIST_KEY_UILaunchScreen_Generation = YES;
				INFOPLIST_KEY_UISupportedInterfaceOrientations_iPad = "UIInterfaceOrientationPortrait UIInterfaceOrientationPortraitUpsideDown UIInterfaceOrientationLandscapeLeft UIInterfaceOrientationLandscapeRight";
				INFOPLIST_KEY_UISupportedInterfaceOrientations_iPhone = "UIInterfaceOrientationPortrait UIInterfaceOrientationLandscapeLeft UIInterfaceOrientationLandscapeRight";
				LD_RUNPATH_SEARCH_PATHS = (
					"$(inherited)",
					"@executable_path/Frameworks",
				);
				MARKETING_VERSION = 1.0;
				PRODUCT_BUNDLE_IDENTIFIER = kwk.Aboutmeproject;
				PRODUCT_NAME = "$(TARGET_NAME)";
				SWIFT_EMIT_LOC_STRINGS = YES;
				SWIFT_VERSION = 5.0;
				TARGETED_DEVICE_FAMILY = "1,2";
			};
			name = Release;
		};
		BD6098892A85296800F4C06F /* Debug */ = {
			isa = XCBuildConfiguration;
			buildSettings = {
				ALWAYS_EMBED_SWIFT_STANDARD_LIBRARIES = YES;
				BUNDLE_LOADER = "$(TEST_HOST)";
				CODE_SIGN_STYLE = Automatic;
				CURRENT_PROJECT_VERSION = 1;
				GENERATE_INFOPLIST_FILE = YES;
				IPHONEOS_DEPLOYMENT_TARGET = 16.4;
				MARKETING_VERSION = 1.0;
				PRODUCT_BUNDLE_IDENTIFIER = kwk.AboutmeprojectTests;
				PRODUCT_NAME = "$(TARGET_NAME)";
				SWIFT_EMIT_LOC_STRINGS = NO;
				SWIFT_VERSION = 5.0;
				TARGETED_DEVICE_FAMILY = "1,2";
				TEST_HOST = "$(BUILT_PRODUCTS_DIR)/Aboutmeproject.app/$(BUNDLE_EXECUTABLE_FOLDER_PATH)/Aboutmeproject";
			};
			name = Debug;
		};
		BD60988A2A85296800F4C06F /* Release */ = {
			isa = XCBuildConfiguration;
			buildSettings = {
				ALWAYS_EMBED_SWIFT_STANDARD_LIBRARIES = YES;
				BUNDLE_LOADER = "$(TEST_HOST)";
				CODE_SIGN_STYLE = Automatic;
				CURRENT_PROJECT_VERSION = 1;
				GENERATE_INFOPLIST_FILE = YES;
				IPHONEOS_DEPLOYMENT_TARGET = 16.4;
				MARKETING_VERSION = 1.0;
				PRODUCT_BUNDLE_IDENTIFIER = kwk.AboutmeprojectTests;
				PRODUCT_NAME = "$(TARGET_NAME)";
				SWIFT_EMIT_LOC_STRINGS = NO;
				SWIFT_VERSION = 5.0;
				TARGETED_DEVICE_FAMILY = "1,2";
				TEST_HOST = "$(BUILT_PRODUCTS_DIR)/Aboutmeproject.app/$(BUNDLE_EXECUTABLE_FOLDER_PATH)/Aboutmeproject";
			};
			name = Release;
		};
		BD60988C2A85296800F4C06F /* Debug */ = {
			isa = XCBuildConfiguration;
			buildSettings = {
				ALWAYS_EMBED_SWIFT_STANDARD_LIBRARIES = YES;
				CODE_SIGN_STYLE = Automatic;
				CURRENT_PROJECT_VERSION = 1;
				GENERATE_INFOPLIST_FILE = YES;
				MARKETING_VERSION = 1.0;
				PRODUCT_BUNDLE_IDENTIFIER = kwk.AboutmeprojectUITests;
				PRODUCT_NAME = "$(TARGET_NAME)";
				SWIFT_EMIT_LOC_STRINGS = NO;
				SWIFT_VERSION = 5.0;
				TARGETED_DEVICE_FAMILY = "1,2";
				TEST_TARGET_NAME = Aboutmeproject;
			};
			name = Debug;
		};
		BD60988D2A85296800F4C06F /* Release */ = {
			isa = XCBuildConfiguration;
			buildSettings = {
				ALWAYS_EMBED_SWIFT_STANDARD_LIBRARIES = YES;
				CODE_SIGN_STYLE = Automatic;
				CURRENT_PROJECT_VERSION = 1;
				GENERATE_INFOPLIST_FILE = YES;
				MARKETING_VERSION = 1.0;
				PRODUCT_BUNDLE_IDENTIFIER = kwk.AboutmeprojectUITests;
				PRODUCT_NAME = "$(TARGET_NAME)";
				SWIFT_EMIT_LOC_STRINGS = NO;
				SWIFT_VERSION = 5.0;
				TARGETED_DEVICE_FAMILY = "1,2";
				TEST_TARGET_NAME = Aboutmeproject;
			};
			name = Release;
		};
/* End XCBuildConfiguration section */

/* Begin XCConfigurationList section */
		BD60985C2A85296700F4C06F /* Build configuration list for PBXProject "Aboutmeproject" */ = {
			isa = XCConfigurationList;
			buildConfigurations = (
				BD6098832A85296800F4C06F /* Debug */,
				BD6098842A85296800F4C06F /* Release */,
			);
			defaultConfigurationIsVisible = 0;
			defaultConfigurationName = Release;
		};
		BD6098852A85296800F4C06F /* Build configuration list for PBXNativeTarget "Aboutmeproject" */ = {
			isa = XCConfigurationList;
			buildConfigurations = (
				BD6098862A85296800F4C06F /* Debug */,
				BD6098872A85296800F4C06F /* Release */,
			);
			defaultConfigurationIsVisible = 0;
			defaultConfigurationName = Release;
		};
		BD6098882A85296800F4C06F /* Build configuration list for PBXNativeTarget "AboutmeprojectTests" */ = {
			isa = XCConfigurationList;
			buildConfigurations = (
				BD6098892A85296800F4C06F /* Debug */,
				BD60988A2A85296800F4C06F /* Release */,
			);
			defaultConfigurationIsVisible = 0;
			defaultConfigurationName = Release;
		};
		BD60988B2A85296800F4C06F /* Build configuration list for PBXNativeTarget "AboutmeprojectUITests" */ = {
			isa = XCConfigurationList;
			buildConfigurations = (
				BD60988C2A85296800F4C06F /* Debug */,
				BD60988D2A85296800F4C06F /* Release */,
			);
			defaultConfigurationIsVisible = 0;
			defaultConfigurationName = Release;
		};
/* End XCConfigurationList section */
	};
	rootObject = BD6098592A85296700F4C06F /* Project object */;
}
